
Microsoft Visual Studio Solution File, Format Version 12.00
# Visual Studio Version 17
VisualStudioVersion = 17.7.34202.233
MinimumVisualStudioVersion = 10.0.40219.1
Project("{FAE04EC0-301F-11D3-BF4B-00C04F79EFBC}") = "CoreApp_OOP", "CoreApp_OOP\CoreApp_OOP.csproj", "{0E07383A-ADDB-4796-A5B6-9C9FD6EC0105}"
EndProject
Global
	GlobalSection(SolutionConfigurationPlatforms) = preSolution
		Debug|Any CPU = Debug|Any CPU
		Release|Any CPU = Release|Any CPU
	EndGlobalSection
	GlobalSection(ProjectConfigurationPlatforms) = postSolution
		{0E07383A-ADDB-4796-A5B6-9C9FD6EC0105}.Debug|Any CPU.ActiveCfg = Debug|Any CPU
		{0E07383A-ADDB-4796-A5B6-9C9FD6EC0105}.Debug|Any CPU.Build.0 = Debug|Any CPU
		{0E07383A-ADDB-4796-A5B6-9C9FD6EC0105}.Release|Any CPU.ActiveCfg = Release|Any CPU
		{0E07383A-ADDB-4796-A5B6-9C9FD6EC0105}.Release|Any CPU.Build.0 = Release|Any CPU
	EndGlobalSection
	GlobalSection(SolutionProperties) = preSolution
		HideSolutionNode = FALSE
	EndGlobalSection
	GlobalSection(ExtensibilityGlobals) = postSolution
		SolutionGuid = {5E37A5A9-427D-4880-AB97-9CCF4BD43EAF}
	EndGlobalSection
EndGlobal
